<Solution>
  <Project Path="src/GoogleMaterialDesignIconsGenerator/GoogleMaterialDesignIconsGenerator.csproj" />
  <Project Path="src/MudBlazor.FontIcons.MaterialIcons/MudBlazor.FontIcons.MaterialIcons.csproj" />
  <Project Path="src/MudBlazor.FontIcons.MaterialSymbols/MudBlazor.FontIcons.MaterialSymbols.csproj" />
</Solution>
