
Microsoft Visual Studio Solution File, Format Version 12.00
# Visual Studio Version 17
VisualStudioVersion = 17.10.34916.146
MinimumVisualStudioVersion = 10.0.40219.1
Project("{9A19103F-16F7-4668-BE54-9A1E7A4F7556}") = "MudBlazor.Icons.MaterialSymbols", "src\MudBlazor.Icons.MaterialSymbols\MudBlazor.Icons.MaterialSymbols.csproj", "{57334B6A-1E52-4571-B01A-8986A04877C0}"
EndProject
Project("{9A19103F-16F7-4668-BE54-9A1E7A4F7556}") = "MaterialSymbolsParser", "src\MaterialSymbolsParser\MaterialSymbolsParser.csproj", "{451E5BC8-C1D9-46DA-8151-B3A204300562}"
EndProject
Global
	GlobalSection(SolutionConfigurationPlatforms) = preSolution
		Debug|Any CPU = Debug|Any CPU
		Release|Any CPU = Release|Any CPU
	EndGlobalSection
	GlobalSection(ProjectConfigurationPlatforms) = postSolution
		{57334B6A-1E52-4571-B01A-8986A04877C0}.Debug|Any CPU.ActiveCfg = Debug|Any CPU
		{57334B6A-1E52-4571-B01A-8986A04877C0}.Debug|Any CPU.Build.0 = Debug|Any CPU
		{57334B6A-1E52-4571-B01A-8986A04877C0}.Release|Any CPU.ActiveCfg = Release|Any CPU
		{57334B6A-1E52-4571-B01A-8986A04877C0}.Release|Any CPU.Build.0 = Release|Any CPU
		{451E5BC8-C1D9-46DA-8151-B3A204300562}.Debug|Any CPU.ActiveCfg = Debug|Any CPU
		{451E5BC8-C1D9-46DA-8151-B3A204300562}.Debug|Any CPU.Build.0 = Debug|Any CPU
		{451E5BC8-C1D9-46DA-8151-B3A204300562}.Release|Any CPU.ActiveCfg = Release|Any CPU
		{451E5BC8-C1D9-46DA-8151-B3A204300562}.Release|Any CPU.Build.0 = Release|Any CPU
	EndGlobalSection
	GlobalSection(SolutionProperties) = preSolution
		HideSolutionNode = FALSE
	EndGlobalSection
	GlobalSection(ExtensibilityGlobals) = postSolution
		SolutionGuid = {641A6D23-33B5-4931-8EDF-51961101EED7}
	EndGlobalSection
EndGlobal
